
Microsoft Visual Studio Solution File, Format Version 12.00
# Visual Studio Version 17
VisualStudioVersion = 17.14.36429.23
MinimumVisualStudioVersion = 10.0.40219.1
Project("{FAE04EC0-301F-11D3-BF4B-00C04F79EFBC}") = "AVANADE.AUTH.API", "AVANADE.AUTH.API\AVANADE.AUTH.API.csproj", "{345D559F-C335-4E52-B810-C3B055EF9942}"
EndProject
Project("{FAE04EC0-301F-11D3-BF4B-00C04F79EFBC}") = "AVANADE.GATEWAY.API", "AVANADE.GATEWAY.API\AVANADE.GATEWAY.API.csproj", "{546C1276-EA6F-4506-9E04-4A01A3002AF2}"
EndProject
Project("{FAE04EC0-301F-11D3-BF4B-00C04F79EFBC}") = "AVANADE.VENDAS.API", "AVANADE.VENDAS.API\AVANADE.VENDAS.API.csproj", "{D8321948-D11C-4021-87A5-F05D18D6146B}"
EndProject
Project("{FAE04EC0-301F-11D3-BF4B-00C04F79EFBC}") = "AVANADE.ESTOQUE.API", "AVANADE.ESTOQUE.API\AVANADE.ESTOQUE.API.csproj", "{596C7A13-062A-467D-BC96-87E14CC9D88E}"
EndProject
Project("{FAE04EC0-301F-11D3-BF4B-00C04F79EFBC}") = "AVANADE.USUARIO.API", "AVANADE.USUARIO.API\AVANADE.USUARIO.API.csproj", "{F0B81184-FAB9-4A3C-BFBE-1E94D03D2CFD}"
EndProject
Project("{2150E333-8FDC-42A3-9474-1A3956D46DE8}") = "Referencias", "Referencias", "{02EA681E-C7D8-13C7-8484-4AC65E1B71E8}"
EndProject
Project("{FAE04EC0-301F-11D3-BF4B-00C04F79EFBC}") = "AVANADE.INFRASTRUCTURE", "Referencias\AVANADE.INFRASTRUCTURE\AVANADE.INFRASTRUCTURE.csproj", "{422CA5DC-5BE6-756B-618C-6BC3A6A64FA7}"
EndProject
Project("{FAE04EC0-301F-11D3-BF4B-00C04F79EFBC}") = "AVANADE.MODULOS", "Referencias\AVANADE.MODULOS\AVANADE.MODULOS.csproj", "{86C50920-E1E0-0735-1762-D2A39EA37098}"
EndProject
Global
	GlobalSection(SolutionConfigurationPlatforms) = preSolution
		Debug|Any CPU = Debug|Any CPU
		Release|Any CPU = Release|Any CPU
	EndGlobalSection
	GlobalSection(ProjectConfigurationPlatforms) = postSolution
		{345D559F-C335-4E52-B810-C3B055EF9942}.Debug|Any CPU.ActiveCfg = Debug|Any CPU
		{345D559F-C335-4E52-B810-C3B055EF9942}.Debug|Any CPU.Build.0 = Debug|Any CPU
		{345D559F-C335-4E52-B810-C3B055EF9942}.Release|Any CPU.ActiveCfg = Release|Any CPU
		{345D559F-C335-4E52-B810-C3B055EF9942}.Release|Any CPU.Build.0 = Release|Any CPU
		{546C1276-EA6F-4506-9E04-4A01A3002AF2}.Debug|Any CPU.ActiveCfg = Debug|Any CPU
		{546C1276-EA6F-4506-9E04-4A01A3002AF2}.Debug|Any CPU.Build.0 = Debug|Any CPU
		{546C1276-EA6F-4506-9E04-4A01A3002AF2}.Release|Any CPU.ActiveCfg = Release|Any CPU
		{546C1276-EA6F-4506-9E04-4A01A3002AF2}.Release|Any CPU.Build.0 = Release|Any CPU
		{D8321948-D11C-4021-87A5-F05D18D6146B}.Debug|Any CPU.ActiveCfg = Debug|Any CPU
		{D8321948-D11C-4021-87A5-F05D18D6146B}.Debug|Any CPU.Build.0 = Debug|Any CPU
		{D8321948-D11C-4021-87A5-F05D18D6146B}.Release|Any CPU.ActiveCfg = Release|Any CPU
		{D8321948-D11C-4021-87A5-F05D18D6146B}.Release|Any CPU.Build.0 = Release|Any CPU
		{596C7A13-062A-467D-BC96-87E14CC9D88E}.Debug|Any CPU.ActiveCfg = Debug|Any CPU
		{596C7A13-062A-467D-BC96-87E14CC9D88E}.Debug|Any CPU.Build.0 = Debug|Any CPU
		{596C7A13-062A-467D-BC96-87E14CC9D88E}.Release|Any CPU.ActiveCfg = Release|Any CPU
		{596C7A13-062A-467D-BC96-87E14CC9D88E}.Release|Any CPU.Build.0 = Release|Any CPU
		{F0B81184-FAB9-4A3C-BFBE-1E94D03D2CFD}.Debug|Any CPU.ActiveCfg = Debug|Any CPU
		{F0B81184-FAB9-4A3C-BFBE-1E94D03D2CFD}.Debug|Any CPU.Build.0 = Debug|Any CPU
		{F0B81184-FAB9-4A3C-BFBE-1E94D03D2CFD}.Release|Any CPU.ActiveCfg = Release|Any CPU
		{F0B81184-FAB9-4A3C-BFBE-1E94D03D2CFD}.Release|Any CPU.Build.0 = Release|Any CPU
		{422CA5DC-5BE6-756B-618C-6BC3A6A64FA7}.Debug|Any CPU.ActiveCfg = Debug|Any CPU
		{422CA5DC-5BE6-756B-618C-6BC3A6A64FA7}.Debug|Any CPU.Build.0 = Debug|Any CPU
		{422CA5DC-5BE6-756B-618C-6BC3A6A64FA7}.Release|Any CPU.ActiveCfg = Release|Any CPU
		{422CA5DC-5BE6-756B-618C-6BC3A6A64FA7}.Release|Any CPU.Build.0 = Release|Any CPU
		{86C50920-E1E0-0735-1762-D2A39EA37098}.Debug|Any CPU.ActiveCfg = Debug|Any CPU
		{86C50920-E1E0-0735-1762-D2A39EA37098}.Debug|Any CPU.Build.0 = Debug|Any CPU
		{86C50920-E1E0-0735-1762-D2A39EA37098}.Release|Any CPU.ActiveCfg = Release|Any CPU
		{86C50920-E1E0-0735-1762-D2A39EA37098}.Release|Any CPU.Build.0 = Release|Any CPU
	EndGlobalSection
	GlobalSection(SolutionProperties) = preSolution
		HideSolutionNode = FALSE
	EndGlobalSection
	GlobalSection(NestedProjects) = preSolution
		{422CA5DC-5BE6-756B-618C-6BC3A6A64FA7} = {02EA681E-C7D8-13C7-8484-4AC65E1B71E8}
		{86C50920-E1E0-0735-1762-D2A39EA37098} = {02EA681E-C7D8-13C7-8484-4AC65E1B71E8}
	EndGlobalSection
	GlobalSection(ExtensibilityGlobals) = postSolution
		SolutionGuid = {9094862C-7AE3-4BA9-925A-C6D293E037B9}
	EndGlobalSection
EndGlobal
